
Microsoft Visual Studio Solution File, Format Version 12.00
# Visual Studio Version 16
VisualStudioVersion = 16.0.30804.86
MinimumVisualStudioVersion = 10.0.40219.1
Project("{FAE04EC0-301F-11D3-BF4B-00C04F79EFBC}") = "ClassLibrary", "ClassLibrary\ClassLibrary.csproj", "{A6D1E11A-3A7E-4F29-BD43-D6F44F7272D1}"
EndProject
Project("{FAE04EC0-301F-11D3-BF4B-00C04F79EFBC}") = "NUnitTestProject", "NUnitTestProject\NUnitTestProject.csproj", "{07220A13-F498-4779-85FB-1DC8A91157E3}"
EndProject
Global
	GlobalSection(SolutionConfigurationPlatforms) = preSolution
		Debug|Any CPU = Debug|Any CPU
		Release|Any CPU = Release|Any CPU
	EndGlobalSection
	GlobalSection(ProjectConfigurationPlatforms) = postSolution
		{A6D1E11A-3A7E-4F29-BD43-D6F44F7272D1}.Debug|Any CPU.ActiveCfg = Debug|Any CPU
		{A6D1E11A-3A7E-4F29-BD43-D6F44F7272D1}.Debug|Any CPU.Build.0 = Debug|Any CPU
		{A6D1E11A-3A7E-4F29-BD43-D6F44F7272D1}.Release|Any CPU.ActiveCfg = Release|Any CPU
		{A6D1E11A-3A7E-4F29-BD43-D6F44F7272D1}.Release|Any CPU.Build.0 = Release|Any CPU
		{07220A13-F498-4779-85FB-1DC8A91157E3}.Debug|Any CPU.ActiveCfg = Debug|Any CPU
		{07220A13-F498-4779-85FB-1DC8A91157E3}.Debug|Any CPU.Build.0 = Debug|Any CPU
		{07220A13-F498-4779-85FB-1DC8A91157E3}.Release|Any CPU.ActiveCfg = Release|Any CPU
		{07220A13-F498-4779-85FB-1DC8A91157E3}.Release|Any CPU.Build.0 = Release|Any CPU
	EndGlobalSection
	GlobalSection(SolutionProperties) = preSolution
		HideSolutionNode = FALSE
	EndGlobalSection
	GlobalSection(ExtensibilityGlobals) = postSolution
		SolutionGuid = {3CBC8554-FD4E-4C08-8185-8B8E0B3A060E}
	EndGlobalSection
EndGlobal
